
Microsoft Visual Studio Solution File, Format Version 12.00
# Visual Studio Version 16
VisualStudioVersion = 16.0.30204.135
MinimumVisualStudioVersion = 10.0.40219.1
Project("{FAE04EC0-301F-11D3-BF4B-00C04F79EFBC}") = "LI4", "LI4.csproj", "{C61A5593-D740-42B5-B175-E2A59D12BB8C}"
EndProject
Global
	GlobalSection(SolutionConfigurationPlatforms) = preSolution
		Debug|Any CPU = Debug|Any CPU
		Release|Any CPU = Release|Any CPU
	EndGlobalSection
	GlobalSection(ProjectConfigurationPlatforms) = postSolution
		{C61A5593-D740-42B5-B175-E2A59D12BB8C}.Debug|Any CPU.ActiveCfg = Debug|Any CPU
		{C61A5593-D740-42B5-B175-E2A59D12BB8C}.Debug|Any CPU.Build.0 = Debug|Any CPU
		{C61A5593-D740-42B5-B175-E2A59D12BB8C}.Release|Any CPU.ActiveCfg = Release|Any CPU
		{C61A5593-D740-42B5-B175-E2A59D12BB8C}.Release|Any CPU.Build.0 = Release|Any CPU
	EndGlobalSection
	GlobalSection(SolutionProperties) = preSolution
		HideSolutionNode = FALSE
	EndGlobalSection
	GlobalSection(ExtensibilityGlobals) = postSolution
		SolutionGuid = {589BED8B-22EC-4FCD-95EE-9D59934170E7}
	EndGlobalSection
EndGlobal
